
Microsoft Visual Studio Solution File, Format Version 12.00
# Visual Studio 15
VisualStudioVersion = 15.0.28307.705
MinimumVisualStudioVersion = 10.0.40219.1
Project("{FAE04EC0-301F-11D3-BF4B-00C04F79EFBC}") = "RPGEngine", "MicroExpressionParser\RPGEngine.csproj", "{766B4DDB-1C02-4B22-8B7D-B3D0CE5F77FA}"
EndProject
Project("{FAE04EC0-301F-11D3-BF4B-00C04F79EFBC}") = "EngineTest", "ParserTest\EngineTest.csproj", "{C642A4F4-FC8B-4841-A754-3232C5672699}"
EndProject
Project("{FAE04EC0-301F-11D3-BF4B-00C04F79EFBC}") = "ConsoleTester", "ConsoleTester\ConsoleTester.csproj", "{21403D70-0D5B-41A9-A770-77A4D6BBF7C1}"
EndProject
Project("{FAE04EC0-301F-11D3-BF4B-00C04F79EFBC}") = "RPGClient", "RPGClient\RPGClient.csproj", "{90B19FAB-709C-4FAE-A27F-6090DA2BEBD3}"
EndProject
Global
	GlobalSection(SolutionConfigurationPlatforms) = preSolution
		Debug|Any CPU = Debug|Any CPU
		Debug|x64 = Debug|x64
		Debug|x86 = Debug|x86
		Release|Any CPU = Release|Any CPU
		Release|x64 = Release|x64
		Release|x86 = Release|x86
	EndGlobalSection
	GlobalSection(ProjectConfigurationPlatforms) = postSolution
		{766B4DDB-1C02-4B22-8B7D-B3D0CE5F77FA}.Debug|Any CPU.ActiveCfg = Debug|Any CPU
		{766B4DDB-1C02-4B22-8B7D-B3D0CE5F77FA}.Debug|Any CPU.Build.0 = Debug|Any CPU
		{766B4DDB-1C02-4B22-8B7D-B3D0CE5F77FA}.Debug|x64.ActiveCfg = Debug|Any CPU
		{766B4DDB-1C02-4B22-8B7D-B3D0CE5F77FA}.Debug|x64.Build.0 = Debug|Any CPU
		{766B4DDB-1C02-4B22-8B7D-B3D0CE5F77FA}.Debug|x86.ActiveCfg = Debug|Any CPU
		{766B4DDB-1C02-4B22-8B7D-B3D0CE5F77FA}.Debug|x86.Build.0 = Debug|Any CPU
		{766B4DDB-1C02-4B22-8B7D-B3D0CE5F77FA}.Release|Any CPU.ActiveCfg = Release|Any CPU
		{766B4DDB-1C02-4B22-8B7D-B3D0CE5F77FA}.Release|Any CPU.Build.0 = Release|Any CPU
		{766B4DDB-1C02-4B22-8B7D-B3D0CE5F77FA}.Release|x64.ActiveCfg = Release|Any CPU
		{766B4DDB-1C02-4B22-8B7D-B3D0CE5F77FA}.Release|x64.Build.0 = Release|Any CPU
		{766B4DDB-1C02-4B22-8B7D-B3D0CE5F77FA}.Release|x86.ActiveCfg = Release|Any CPU
		{766B4DDB-1C02-4B22-8B7D-B3D0CE5F77FA}.Release|x86.Build.0 = Release|Any CPU
		{C642A4F4-FC8B-4841-A754-3232C5672699}.Debug|Any CPU.ActiveCfg = Debug|Any CPU
		{C642A4F4-FC8B-4841-A754-3232C5672699}.Debug|Any CPU.Build.0 = Debug|Any CPU
		{C642A4F4-FC8B-4841-A754-3232C5672699}.Debug|x64.ActiveCfg = Debug|Any CPU
		{C642A4F4-FC8B-4841-A754-3232C5672699}.Debug|x64.Build.0 = Debug|Any CPU
		{C642A4F4-FC8B-4841-A754-3232C5672699}.Debug|x86.ActiveCfg = Debug|Any CPU
		{C642A4F4-FC8B-4841-A754-3232C5672699}.Debug|x86.Build.0 = Debug|Any CPU
		{C642A4F4-FC8B-4841-A754-3232C5672699}.Release|Any CPU.ActiveCfg = Release|Any CPU
		{C642A4F4-FC8B-4841-A754-3232C5672699}.Release|Any CPU.Build.0 = Release|Any CPU
		{C642A4F4-FC8B-4841-A754-3232C5672699}.Release|x64.ActiveCfg = Release|Any CPU
		{C642A4F4-FC8B-4841-A754-3232C5672699}.Release|x64.Build.0 = Release|Any CPU
		{C642A4F4-FC8B-4841-A754-3232C5672699}.Release|x86.ActiveCfg = Release|Any CPU
		{C642A4F4-FC8B-4841-A754-3232C5672699}.Release|x86.Build.0 = Release|Any CPU
		{21403D70-0D5B-41A9-A770-77A4D6BBF7C1}.Debug|Any CPU.ActiveCfg = Debug|Any CPU
		{21403D70-0D5B-41A9-A770-77A4D6BBF7C1}.Debug|Any CPU.Build.0 = Debug|Any CPU
		{21403D70-0D5B-41A9-A770-77A4D6BBF7C1}.Debug|x64.ActiveCfg = Debug|Any CPU
		{21403D70-0D5B-41A9-A770-77A4D6BBF7C1}.Debug|x64.Build.0 = Debug|Any CPU
		{21403D70-0D5B-41A9-A770-77A4D6BBF7C1}.Debug|x86.ActiveCfg = Debug|Any CPU
		{21403D70-0D5B-41A9-A770-77A4D6BBF7C1}.Debug|x86.Build.0 = Debug|Any CPU
		{21403D70-0D5B-41A9-A770-77A4D6BBF7C1}.Release|Any CPU.ActiveCfg = Release|Any CPU
		{21403D70-0D5B-41A9-A770-77A4D6BBF7C1}.Release|Any CPU.Build.0 = Release|Any CPU
		{21403D70-0D5B-41A9-A770-77A4D6BBF7C1}.Release|x64.ActiveCfg = Release|Any CPU
		{21403D70-0D5B-41A9-A770-77A4D6BBF7C1}.Release|x64.Build.0 = Release|Any CPU
		{21403D70-0D5B-41A9-A770-77A4D6BBF7C1}.Release|x86.ActiveCfg = Release|Any CPU
		{21403D70-0D5B-41A9-A770-77A4D6BBF7C1}.Release|x86.Build.0 = Release|Any CPU
		{90B19FAB-709C-4FAE-A27F-6090DA2BEBD3}.Debug|Any CPU.ActiveCfg = Debug|Any CPU
		{90B19FAB-709C-4FAE-A27F-6090DA2BEBD3}.Debug|Any CPU.Build.0 = Debug|Any CPU
		{90B19FAB-709C-4FAE-A27F-6090DA2BEBD3}.Debug|x64.ActiveCfg = Debug|Any CPU
		{90B19FAB-709C-4FAE-A27F-6090DA2BEBD3}.Debug|x64.Build.0 = Debug|Any CPU
		{90B19FAB-709C-4FAE-A27F-6090DA2BEBD3}.Debug|x86.ActiveCfg = Debug|Any CPU
		{90B19FAB-709C-4FAE-A27F-6090DA2BEBD3}.Debug|x86.Build.0 = Debug|Any CPU
		{90B19FAB-709C-4FAE-A27F-6090DA2BEBD3}.Release|Any CPU.ActiveCfg = Release|Any CPU
		{90B19FAB-709C-4FAE-A27F-6090DA2BEBD3}.Release|Any CPU.Build.0 = Release|Any CPU
		{90B19FAB-709C-4FAE-A27F-6090DA2BEBD3}.Release|x64.ActiveCfg = Release|Any CPU
		{90B19FAB-709C-4FAE-A27F-6090DA2BEBD3}.Release|x64.Build.0 = Release|Any CPU
		{90B19FAB-709C-4FAE-A27F-6090DA2BEBD3}.Release|x86.ActiveCfg = Release|Any CPU
		{90B19FAB-709C-4FAE-A27F-6090DA2BEBD3}.Release|x86.Build.0 = Release|Any CPU
	EndGlobalSection
	GlobalSection(SolutionProperties) = preSolution
		HideSolutionNode = FALSE
	EndGlobalSection
	GlobalSection(ExtensibilityGlobals) = postSolution
		SolutionGuid = {54B20A8B-80B8-4555-9E8B-D3E47FA33894}
	EndGlobalSection
EndGlobal
